Microsoft Visual Studio Solution File, Format Version 12.00
# Visual Studio Version 17
VisualStudioVersion = 17.5.2.0
MinimumVisualStudioVersion = 10.0.40219.1
Project("{FAE04EC0-301F-11D3-BF4B-00C04F79EFBC}") = "DHL-Document-App", "DHL-Document-App.csproj", "{C933F327-56DE-E56D-C30D-C520A07B6E7A}"
EndProject
Global
	GlobalSection(SolutionConfigurationPlatforms) = preSolution
		Debug|Any CPU = Debug|Any CPU
		Release|Any CPU = Release|Any CPU
	EndGlobalSection
	GlobalSection(ProjectConfigurationPlatforms) = postSolution
		{C933F327-56DE-E56D-C30D-C520A07B6E7A}.Debug|Any CPU.ActiveCfg = Debug|Any CPU
		{C933F327-56DE-E56D-C30D-C520A07B6E7A}.Debug|Any CPU.Build.0 = Debug|Any CPU
		{C933F327-56DE-E56D-C30D-C520A07B6E7A}.Release|Any CPU.ActiveCfg = Release|Any CPU
		{C933F327-56DE-E56D-C30D-C520A07B6E7A}.Release|Any CPU.Build.0 = Release|Any CPU
	EndGlobalSection
	GlobalSection(SolutionProperties) = preSolution
		HideSolutionNode = FALSE
	EndGlobalSection



	GlobalSection(ExtensibilityGlobals) = postSolution
		SolutionGuid = {8F4D0500-4041-4638-93D4-1F21BAF3ED62}
	EndGlobalSection
EndGlobal
